{
  "name": "nodoconprolog",
  "version": "1.0.0",
  "lockfileVersion": 1,
  "requires": true,
  "dependencies": {
    "nan": {
      "version": "2.14.0",
      "resolved": "https://registry.npmjs.org/nan/-/nan-2.14.0.tgz",
      "integrity": "sha512-INOFj37C7k3AfaNTtX8RhsTw7qRy7eLET14cROi9+5HAVbbHuIWUHEauBv5qT4Av2tWasiTY1Jw6puUNqRJXQg=="
    },
    "swipl": {
      "version": "1.0.4",
      "resolved": "https://registry.npmjs.org/swipl/-/swipl-1.0.4.tgz",
      "integrity": "sha512-DXcWdYyZWcBk+ZWiTsG0RpdQHu2n2FmKPp1ziT70NGWJXpRUKkr13zW6TSWSixQShjCmavUi4y/tgKSeR93mXg==",
      "requires": {
        "nan": "^2.4.0"
      }
    }
  }
}
